
Microsoft Visual Studio Solution File, Format Version 12.00
# Visual Studio Version 16
VisualStudioVersion = 16.0.29806.167
MinimumVisualStudioVersion = 10.0.40219.1
Project("{9A19103F-16F7-4668-BE54-9A1E7A4F7556}") = "coffee.api", "coffee.api\coffee.api.csproj", "{93C5819D-200B-48C4-89CB-C6E1A2554E25}"
EndProject
Project("{9A19103F-16F7-4668-BE54-9A1E7A4F7556}") = "coffee.shared", "coffee.shared\coffee.shared.csproj", "{DF95196C-A146-47F5-A323-292BB1B1D24F}"
EndProject
Project("{9A19103F-16F7-4668-BE54-9A1E7A4F7556}") = "coffee.api.test", "coffee.api.test\coffee.api.test.csproj", "{4A9646EC-3560-43E2-AA22-D88951899306}"
EndProject
Project("{2150E333-8FDC-42A3-9474-1A3956D46DE8}") = "Solution Items", "Solution Items", "{5FAFD1E4-AEDF-422D-8FE8-3E9C88EE889B}"
	ProjectSection(SolutionItems) = preProject
		azure-pipelines.yml = azure-pipelines.yml
		README.md = README.md
	EndProjectSection
EndProject
Global
	GlobalSection(SolutionConfigurationPlatforms) = preSolution
		Debug|Any CPU = Debug|Any CPU
		Release|Any CPU = Release|Any CPU
	EndGlobalSection
	GlobalSection(ProjectConfigurationPlatforms) = postSolution
		{93C5819D-200B-48C4-89CB-C6E1A2554E25}.Debug|Any CPU.ActiveCfg = Debug|Any CPU
		{93C5819D-200B-48C4-89CB-C6E1A2554E25}.Debug|Any CPU.Build.0 = Debug|Any CPU
		{93C5819D-200B-48C4-89CB-C6E1A2554E25}.Release|Any CPU.ActiveCfg = Release|Any CPU
		{93C5819D-200B-48C4-89CB-C6E1A2554E25}.Release|Any CPU.Build.0 = Release|Any CPU
		{DF95196C-A146-47F5-A323-292BB1B1D24F}.Debug|Any CPU.ActiveCfg = Debug|Any CPU
		{DF95196C-A146-47F5-A323-292BB1B1D24F}.Debug|Any CPU.Build.0 = Debug|Any CPU
		{DF95196C-A146-47F5-A323-292BB1B1D24F}.Release|Any CPU.ActiveCfg = Release|Any CPU
		{DF95196C-A146-47F5-A323-292BB1B1D24F}.Release|Any CPU.Build.0 = Release|Any CPU
		{4A9646EC-3560-43E2-AA22-D88951899306}.Debug|Any CPU.ActiveCfg = Debug|Any CPU
		{4A9646EC-3560-43E2-AA22-D88951899306}.Debug|Any CPU.Build.0 = Debug|Any CPU
		{4A9646EC-3560-43E2-AA22-D88951899306}.Release|Any CPU.ActiveCfg = Release|Any CPU
		{4A9646EC-3560-43E2-AA22-D88951899306}.Release|Any CPU.Build.0 = Release|Any CPU
	EndGlobalSection
	GlobalSection(SolutionProperties) = preSolution
		HideSolutionNode = FALSE
	EndGlobalSection
	GlobalSection(ExtensibilityGlobals) = postSolution
		SolutionGuid = {D68062F0-3800-4689-BFCD-FF356A1C705A}
	EndGlobalSection
EndGlobal
